
Microsoft Visual Studio Solution File, Format Version 12.00
# Visual Studio Version 17
VisualStudioVersion = 17.2.32630.192
MinimumVisualStudioVersion = 10.0.40219.1
Project("{FAE04EC0-301F-11D3-BF4B-00C04F79EFBC}") = "Client", "Client\Client.csproj", "{DAA770C2-AB95-4A1B-8209-A57F3C435408}"
EndProject
Project("{FAE04EC0-301F-11D3-BF4B-00C04F79EFBC}") = "Server", "Server\Server.csproj", "{0F7BCF19-58C4-4B25-9F78-8DEE71DEDF6B}"
EndProject
Global
	GlobalSection(SolutionConfigurationPlatforms) = preSolution
		Debug|Any CPU = Debug|Any CPU
		Release|Any CPU = Release|Any CPU
	EndGlobalSection
	GlobalSection(ProjectConfigurationPlatforms) = postSolution
		{DAA770C2-AB95-4A1B-8209-A57F3C435408}.Debug|Any CPU.ActiveCfg = Debug|Any CPU
		{DAA770C2-AB95-4A1B-8209-A57F3C435408}.Debug|Any CPU.Build.0 = Debug|Any CPU
		{DAA770C2-AB95-4A1B-8209-A57F3C435408}.Release|Any CPU.ActiveCfg = Release|Any CPU
		{DAA770C2-AB95-4A1B-8209-A57F3C435408}.Release|Any CPU.Build.0 = Release|Any CPU
		{0F7BCF19-58C4-4B25-9F78-8DEE71DEDF6B}.Debug|Any CPU.ActiveCfg = Debug|Any CPU
		{0F7BCF19-58C4-4B25-9F78-8DEE71DEDF6B}.Debug|Any CPU.Build.0 = Debug|Any CPU
		{0F7BCF19-58C4-4B25-9F78-8DEE71DEDF6B}.Release|Any CPU.ActiveCfg = Release|Any CPU
		{0F7BCF19-58C4-4B25-9F78-8DEE71DEDF6B}.Release|Any CPU.Build.0 = Release|Any CPU
	EndGlobalSection
	GlobalSection(SolutionProperties) = preSolution
		HideSolutionNode = FALSE
	EndGlobalSection
	GlobalSection(ExtensibilityGlobals) = postSolution
		SolutionGuid = {8B58E661-E498-4D36-BCD4-A68FFF1A5333}
	EndGlobalSection
EndGlobal
